
Microsoft Visual Studio Solution File, Format Version 12.00
# Visual Studio Version 17
VisualStudioVersion = 17.11.35327.3
MinimumVisualStudioVersion = 10.0.40219.1
Project("{FAE04EC0-301F-11D3-BF4B-00C04F79EFBC}") = "Gasolineras", "Gasolineras.csproj", "{7D21C92E-C1FF-413A-A67D-8A6E1B623E5E}"
EndProject
Global
	GlobalSection(SolutionConfigurationPlatforms) = preSolution
		Debug|Any CPU = Debug|Any CPU
		Release|Any CPU = Release|Any CPU
	EndGlobalSection
	GlobalSection(ProjectConfigurationPlatforms) = postSolution
		{7D21C92E-C1FF-413A-A67D-8A6E1B623E5E}.Debug|Any CPU.ActiveCfg = Debug|Any CPU
		{7D21C92E-C1FF-413A-A67D-8A6E1B623E5E}.Debug|Any CPU.Build.0 = Debug|Any CPU
		{7D21C92E-C1FF-413A-A67D-8A6E1B623E5E}.Release|Any CPU.ActiveCfg = Release|Any CPU
		{7D21C92E-C1FF-413A-A67D-8A6E1B623E5E}.Release|Any CPU.Build.0 = Release|Any CPU
	EndGlobalSection
	GlobalSection(SolutionProperties) = preSolution
		HideSolutionNode = FALSE
	EndGlobalSection
	GlobalSection(ExtensibilityGlobals) = postSolution
		SolutionGuid = {EAE5C3F4-897E-4298-9D17-D5216EDE8FC1}
	EndGlobalSection
EndGlobal
