
Microsoft Visual Studio Solution File, Format Version 12.00
# Visual Studio Version 17
VisualStudioVersion = 17.11.35327.3
MinimumVisualStudioVersion = 10.0.40219.1
Project("{9A19103F-16F7-4668-BE54-9A1E7A4F7556}") = "Gasolineras", "Gasolineras.csproj", "{7D21C92E-C1FF-413A-A67D-8A6E1B623E5E}"
EndProject
Global
	GlobalSection(SolutionConfigurationPlatforms) = preSolution
		Debug|Any CPU = Debug|Any CPU
		Debug|ARM64 = Debug|ARM64
		Release|Any CPU = Release|Any CPU
		Release|ARM64 = Release|ARM64
	EndGlobalSection
	GlobalSection(ProjectConfigurationPlatforms) = postSolution
		{7D21C92E-C1FF-413A-A67D-8A6E1B623E5E}.Debug|Any CPU.ActiveCfg = Debug|Any CPU
		{7D21C92E-C1FF-413A-A67D-8A6E1B623E5E}.Debug|Any CPU.Build.0 = Debug|Any CPU
		{7D21C92E-C1FF-413A-A67D-8A6E1B623E5E}.Debug|ARM64.ActiveCfg = Debug|ARM64
		{7D21C92E-C1FF-413A-A67D-8A6E1B623E5E}.Debug|ARM64.Build.0 = Debug|ARM64
		{7D21C92E-C1FF-413A-A67D-8A6E1B623E5E}.Release|Any CPU.ActiveCfg = Release|Any CPU
		{7D21C92E-C1FF-413A-A67D-8A6E1B623E5E}.Release|Any CPU.Build.0 = Release|Any CPU
		{7D21C92E-C1FF-413A-A67D-8A6E1B623E5E}.Release|ARM64.ActiveCfg = Release|ARM64
		{7D21C92E-C1FF-413A-A67D-8A6E1B623E5E}.Release|ARM64.Build.0 = Release|ARM64
	EndGlobalSection
	GlobalSection(SolutionProperties) = preSolution
		HideSolutionNode = FALSE
	EndGlobalSection
	GlobalSection(ExtensibilityGlobals) = postSolution
		SolutionGuid = {EAE5C3F4-897E-4298-9D17-D5216EDE8FC1}
	EndGlobalSection
EndGlobal
